// !$*UTF8*$!
{
	archiveVersion = 1;
	classes = {
	};
	objectVersion = 56;
	objects = {

/* Begin PBXBuildFile section */
		A458FBF829C87D450058C7EC /* AppData in Frameworks */ = {isa = PBXBuildFile; productRef = A458FBF729C87D450058C7EC /* AppData */; };
		A458FBFA29C87D450058C7EC /* AppNavigation in Frameworks */ = {isa = PBXBuildFile; productRef = A458FBF929C87D450058C7EC /* AppNavigation */; };
		A458FBFC29C87D450058C7EC /* Chat in Frameworks */ = {isa = PBXBuildFile; productRef = A458FBFB29C87D450058C7EC /* Chat */; };
		A458FBFE29C87D450058C7EC /* Common in Frameworks */ = {isa = PBXBuildFile; productRef = A458FBFD29C87D450058C7EC /* Common */; };
		A458FC0029C87D450058C7EC /* Contact in Frameworks */ = {isa = PBXBuildFile; productRef = A458FBFF29C87D450058C7EC /* Contact */; };
		A458FC0229C87D450058C7EC /* DI in Frameworks */ = {isa = PBXBuildFile; productRef = A458FC0129C87D450058C7EC /* DI */; };
		A458FC0429C87D450058C7EC /* Domain in Frameworks */ = {isa = PBXBuildFile; productRef = A458FC0329C87D450058C7EC /* Domain */; };
		A458FC0629C87D450058C7EC /* FireStorage in Frameworks */ = {isa = PBXBuildFile; productRef = A458FC0529C87D450058C7EC /* FireStorage */; };
		A458FC0829C87D450058C7EC /* Message in Frameworks */ = {isa = PBXBuildFile; productRef = A458FC0729C87D450058C7EC /* Message */; };
		A458FC0A29C87D450058C7EC /* Networking in Frameworks */ = {isa = PBXBuildFile; productRef = A458FC0929C87D450058C7EC /* Networking */; };
		A458FC0C29C87D450058C7EC /* SingIn in Frameworks */ = {isa = PBXBuildFile; productRef = A458FC0B29C87D450058C7EC /* SingIn */; };
		A458FC0E29C87D450058C7EC /* SingUP in Frameworks */ = {isa = PBXBuildFile; productRef = A458FC0D29C87D450058C7EC /* SingUP */; };
		A458FC1029C87D450058C7EC /* Splash in Frameworks */ = {isa = PBXBuildFile; productRef = A458FC0F29C87D450058C7EC /* Splash */; };
		A458FC1229C87D450058C7EC /* Storage in Frameworks */ = {isa = PBXBuildFile; productRef = A458FC1129C87D450058C7EC /* Storage */; };
		A476A93229C47526001E19DB /* AppDelegate.swift in Sources */ = {isa = PBXBuildFile; fileRef = A476A93129C47526001E19DB /* AppDelegate.swift */; };
		A476A93429C47526001E19DB /* SceneDelegate.swift in Sources */ = {isa = PBXBuildFile; fileRef = A476A93329C47526001E19DB /* SceneDelegate.swift */; };
		A476A93629C47526001E19DB /* ViewController.swift in Sources */ = {isa = PBXBuildFile; fileRef = A476A93529C47526001E19DB /* ViewController.swift */; };
		A476A93B29C47526001E19DB /* Assets.xcassets in Resources */ = {isa = PBXBuildFile; fileRef = A476A93A29C47526001E19DB /* Assets.xcassets */; };
		A476A93E29C47526001E19DB /* LaunchScreen.storyboard in Resources */ = {isa = PBXBuildFile; fileRef = A476A93C29C47526001E19DB /* LaunchScreen.storyboard */; };
		A476A94929C47526001E19DB /* iChatTests.swift in Sources */ = {isa = PBXBuildFile; fileRef = A476A94829C47526001E19DB /* iChatTests.swift */; };
		A476A95329C47526001E19DB /* iChatUITests.swift in Sources */ = {isa = PBXBuildFile; fileRef = A476A95229C47526001E19DB /* iChatUITests.swift */; };
		A476A95529C47526001E19DB /* iChatUITestsLaunchTests.swift in Sources */ = {isa = PBXBuildFile; fileRef = A476A95429C47526001E19DB /* iChatUITestsLaunchTests.swift */; };
/* End PBXBuildFile section */

/* Begin PBXContainerItemProxy section */
		A476A94529C47526001E19DB /* PBXContainerItemProxy */ = {
			isa = PBXContainerItemProxy;
			containerPortal = A476A92629C47526001E19DB /* Project object */;
			proxyType = 1;
			remoteGlobalIDString = A476A92D29C47526001E19DB;
			remoteInfo = iChat;
		};
		A476A94F29C47526001E19DB /* PBXContainerItemProxy */ = {
			isa = PBXContainerItemProxy;
			containerPortal = A476A92629C47526001E19DB /* Project object */;
			proxyType = 1;
			remoteGlobalIDString = A476A92D29C47526001E19DB;
			remoteInfo = iChat;
		};
/* End PBXContainerItemProxy section */

/* Begin PBXFileReference section */
		A476A92E29C47526001E19DB /* iChat.app */ = {isa = PBXFileReference; explicitFileType = wrapper.application; includeInIndex = 0; path = iChat.app; sourceTree = BUILT_PRODUCTS_DIR; };
		A476A93129C47526001E19DB /* AppDelegate.swift */ = {isa = PBXFileReference; lastKnownFileType = sourcecode.swift; path = AppDelegate.swift; sourceTree = "<group>"; };
		A476A93329C47526001E19DB /* SceneDelegate.swift */ = {isa = PBXFileReference; lastKnownFileType = sourcecode.swift; path = SceneDelegate.swift; sourceTree = "<group>"; };
		A476A93529C47526001E19DB /* ViewController.swift */ = {isa = PBXFileReference; lastKnownFileType = sourcecode.swift; path = ViewController.swift; sourceTree = "<group>"; };
		A476A93A29C47526001E19DB /* Assets.xcassets */ = {isa = PBXFileReference; lastKnownFileType = folder.assetcatalog; path = Assets.xcassets; sourceTree = "<group>"; };
		A476A93D29C47526001E19DB /* Base */ = {isa = PBXFileReference; lastKnownFileType = file.storyboard; name = Base; path = Base.lproj/LaunchScreen.storyboard; sourceTree = "<group>"; };
		A476A93F29C47526001E19DB /* Info.plist */ = {isa = PBXFileReference; lastKnownFileType = text.plist.xml; path = Info.plist; sourceTree = "<group>"; };
		A476A94429C47526001E19DB /* iChatTests.xctest */ = {isa = PBXFileReference; explicitFileType = wrapper.cfbundle; includeInIndex = 0; path = iChatTests.xctest; sourceTree = BUILT_PRODUCTS_DIR; };
		A476A94829C47526001E19DB /* iChatTests.swift */ = {isa = PBXFileReference; lastKnownFileType = sourcecode.swift; path = iChatTests.swift; sourceTree = "<group>"; };
		A476A94E29C47526001E19DB /* iChatUITests.xctest */ = {isa = PBXFileReference; explicitFileType = wrapper.cfbundle; includeInIndex = 0; path = iChatUITests.xctest; sourceTree = BUILT_PRODUCTS_DIR; };
		A476A95229C47526001E19DB /* iChatUITests.swift */ = {isa = PBXFileReference; lastKnownFileType = sourcecode.swift; path = iChatUITests.swift; sourceTree = "<group>"; };
		A476A95429C47526001E19DB /* iChatUITestsLaunchTests.swift */ = {isa = PBXFileReference; lastKnownFileType = sourcecode.swift; path = iChatUITestsLaunchTests.swift; sourceTree = "<group>"; };
		A49FA23129C87A85005A1E5E /* DI */ = {isa = PBXFileReference; lastKnownFileType = wrapper; path = DI; sourceTree = "<group>"; };
		A49FA23229C87A9E005A1E5E /* AppNavigation */ = {isa = PBXFileReference; lastKnownFileType = wrapper; path = AppNavigation; sourceTree = "<group>"; };
		A49FA23329C87B16005A1E5E /* Storage */ = {isa = PBXFileReference; lastKnownFileType = wrapper; path = Storage; sourceTree = "<group>"; };
		A49FA23429C87B47005A1E5E /* Networking */ = {isa = PBXFileReference; lastKnownFileType = wrapper; path = Networking; sourceTree = "<group>"; };
		A49FA23529C87B6D005A1E5E /* FireStorage */ = {isa = PBXFileReference; lastKnownFileType = wrapper; path = FireStorage; sourceTree = "<group>"; };
		A49FA23629C87B7F005A1E5E /* Domain */ = {isa = PBXFileReference; lastKnownFileType = wrapper; path = Domain; sourceTree = "<group>"; };
		A49FA23729C87B95005A1E5E /* Common */ = {isa = PBXFileReference; lastKnownFileType = wrapper; path = Common; sourceTree = "<group>"; };
		A49FA23829C87BB3005A1E5E /* AppData */ = {isa = PBXFileReference; lastKnownFileType = wrapper; path = AppData; sourceTree = "<group>"; };
		A49FA23929C87C17005A1E5E /* Splash */ = {isa = PBXFileReference; lastKnownFileType = wrapper; path = Splash; sourceTree = "<group>"; };
		A49FA23A29C87C35005A1E5E /* SingUP */ = {isa = PBXFileReference; lastKnownFileType = wrapper; path = SingUP; sourceTree = "<group>"; };
		A49FA23B29C87C4D005A1E5E /* SingIn */ = {isa = PBXFileReference; lastKnownFileType = wrapper; path = SingIn; sourceTree = "<group>"; };
		A49FA23C29C87C72005A1E5E /* Message */ = {isa = PBXFileReference; lastKnownFileType = wrapper; path = Message; sourceTree = "<group>"; };
		A49FA23D29C87C8C005A1E5E /* Contact */ = {isa = PBXFileReference; lastKnownFileType = wrapper; path = Contact; sourceTree = "<group>"; };
		A49FA23E29C87C9F005A1E5E /* Chat */ = {isa = PBXFileReference; lastKnownFileType = wrapper; path = Chat; sourceTree = "<group>"; };
/* End PBXFileReference section */

/* Begin PBXFrameworksBuildPhase section */
		A476A92B29C47526001E19DB /* Frameworks */ = {
			isa = PBXFrameworksBuildPhase;
			buildActionMask = 2147483647;
			files = (
				A458FC1029C87D450058C7EC /* Splash in Frameworks */,
				A458FC0029C87D450058C7EC /* Contact in Frameworks */,
				A458FC1229C87D450058C7EC /* Storage in Frameworks */,
				A458FC0429C87D450058C7EC /* Domain in Frameworks */,
				A458FC0C29C87D450058C7EC /* SingIn in Frameworks */,
				A458FBFA29C87D450058C7EC /* AppNavigation in Frameworks */,
				A458FBFC29C87D450058C7EC /* Chat in Frameworks */,
				A458FBF829C87D450058C7EC /* AppData in Frameworks */,
				A458FBFE29C87D450058C7EC /* Common in Frameworks */,
				A458FC0829C87D450058C7EC /* Message in Frameworks */,
				A458FC0E29C87D450058C7EC /* SingUP in Frameworks */,
				A458FC0629C87D450058C7EC /* FireStorage in Frameworks */,
				A458FC0A29C87D450058C7EC /* Networking in Frameworks */,
				A458FC0229C87D450058C7EC /* DI in Frameworks */,
			);
			runOnlyForDeploymentPostprocessing = 0;
		};
		A476A94129C47526001E19DB /* Frameworks */ = {
			isa = PBXFrameworksBuildPhase;
			buildActionMask = 2147483647;
			files = (
			);
			runOnlyForDeploymentPostprocessing = 0;
		};
		A476A94B29C47526001E19DB /* Frameworks */ = {
			isa = PBXFrameworksBuildPhase;
			buildActionMask = 2147483647;
			files = (
			);
			runOnlyForDeploymentPostprocessing = 0;
		};
/* End PBXFrameworksBuildPhase section */

/* Begin PBXGroup section */
		A458FBF629C87D450058C7EC /* Frameworks */ = {
			isa = PBXGroup;
			children = (
			);
			name = Frameworks;
			sourceTree = "<group>";
		};
		A476A92529C47526001E19DB = {
			isa = PBXGroup;
			children = (
				A49FA23029C87A66005A1E5E /* Core */,
				A49FA22F29C87A41005A1E5E /* Features */,
				A49FA22E29C87A39005A1E5E /* Main */,
				A476A93029C47526001E19DB /* iChat */,
				A476A94729C47526001E19DB /* iChatTests */,
				A476A95129C47526001E19DB /* iChatUITests */,
				A476A92F29C47526001E19DB /* Products */,
				A458FBF629C87D450058C7EC /* Frameworks */,
			);
			sourceTree = "<group>";
		};
		A476A92F29C47526001E19DB /* Products */ = {
			isa = PBXGroup;
			children = (
				A476A92E29C47526001E19DB /* iChat.app */,
				A476A94429C47526001E19DB /* iChatTests.xctest */,
				A476A94E29C47526001E19DB /* iChatUITests.xctest */,
			);
			name = Products;
			sourceTree = "<group>";
		};
		A476A93029C47526001E19DB /* iChat */ = {
			isa = PBXGroup;
			children = (
				A476A93129C47526001E19DB /* AppDelegate.swift */,
				A476A93329C47526001E19DB /* SceneDelegate.swift */,
				A476A93529C47526001E19DB /* ViewController.swift */,
				A476A93A29C47526001E19DB /* Assets.xcassets */,
				A476A93C29C47526001E19DB /* LaunchScreen.storyboard */,
				A476A93F29C47526001E19DB /* Info.plist */,
			);
			path = iChat;
			sourceTree = "<group>";
		};
		A476A94729C47526001E19DB /* iChatTests */ = {
			isa = PBXGroup;
			children = (
				A476A94829C47526001E19DB /* iChatTests.swift */,
			);
			path = iChatTests;
			sourceTree = "<group>";
		};
		A476A95129C47526001E19DB /* iChatUITests */ = {
			isa = PBXGroup;
			children = (
				A476A95229C47526001E19DB /* iChatUITests.swift */,
				A476A95429C47526001E19DB /* iChatUITestsLaunchTests.swift */,
			);
			path = iChatUITests;
			sourceTree = "<group>";
		};
		A49FA22E29C87A39005A1E5E /* Main */ = {
			isa = PBXGroup;
			children = (
				A49FA23229C87A9E005A1E5E /* AppNavigation */,
				A49FA23129C87A85005A1E5E /* DI */,
			);
			path = Main;
			sourceTree = "<group>";
		};
		A49FA22F29C87A41005A1E5E /* Features */ = {
			isa = PBXGroup;
			children = (
				A49FA23E29C87C9F005A1E5E /* Chat */,
				A49FA23D29C87C8C005A1E5E /* Contact */,
				A49FA23C29C87C72005A1E5E /* Message */,
				A49FA23B29C87C4D005A1E5E /* SingIn */,
				A49FA23A29C87C35005A1E5E /* SingUP */,
				A49FA23929C87C17005A1E5E /* Splash */,
			);
			path = Features;
			sourceTree = "<group>";
		};
		A49FA23029C87A66005A1E5E /* Core */ = {
			isa = PBXGroup;
			children = (
				A49FA23829C87BB3005A1E5E /* AppData */,
				A49FA23729C87B95005A1E5E /* Common */,
				A49FA23629C87B7F005A1E5E /* Domain */,
				A49FA23529C87B6D005A1E5E /* FireStorage */,
				A49FA23429C87B47005A1E5E /* Networking */,
				A49FA23329C87B16005A1E5E /* Storage */,
			);
			path = Core;
			sourceTree = "<group>";
		};
/* End PBXGroup section */

/* Begin PBXNativeTarget section */
		A476A92D29C47526001E19DB /* iChat */ = {
			isa = PBXNativeTarget;
			buildConfigurationList = A476A95829C47526001E19DB /* Build configuration list for PBXNativeTarget "iChat" */;
			buildPhases = (
				A476A92A29C47526001E19DB /* Sources */,
				A476A92B29C47526001E19DB /* Frameworks */,
				A476A92C29C47526001E19DB /* Resources */,
			);
			buildRules = (
			);
			dependencies = (
			);
			name = iChat;
			packageProductDependencies = (
				A458FBF729C87D450058C7EC /* AppData */,
				A458FBF929C87D450058C7EC /* AppNavigation */,
				A458FBFB29C87D450058C7EC /* Chat */,
				A458FBFD29C87D450058C7EC /* Common */,
				A458FBFF29C87D450058C7EC /* Contact */,
				A458FC0129C87D450058C7EC /* DI */,
				A458FC0329C87D450058C7EC /* Domain */,
				A458FC0529C87D450058C7EC /* FireStorage */,
				A458FC0729C87D450058C7EC /* Message */,
				A458FC0929C87D450058C7EC /* Networking */,
				A458FC0B29C87D450058C7EC /* SingIn */,
				A458FC0D29C87D450058C7EC /* SingUP */,
				A458FC0F29C87D450058C7EC /* Splash */,
				A458FC1129C87D450058C7EC /* Storage */,
			);
			productName = iChat;
			productReference = A476A92E29C47526001E19DB /* iChat.app */;
			productType = "com.apple.product-type.application";
		};
		A476A94329C47526001E19DB /* iChatTests */ = {
			isa = PBXNativeTarget;
			buildConfigurationList = A476A95B29C47526001E19DB /* Build configuration list for PBXNativeTarget "iChatTests" */;
			buildPhases = (
				A476A94029C47526001E19DB /* Sources */,
				A476A94129C47526001E19DB /* Frameworks */,
				A476A94229C47526001E19DB /* Resources */,
			);
			buildRules = (
			);
			dependencies = (
				A476A94629C47526001E19DB /* PBXTargetDependency */,
			);
			name = iChatTests;
			productName = iChatTests;
			productReference = A476A94429C47526001E19DB /* iChatTests.xctest */;
			productType = "com.apple.product-type.bundle.unit-test";
		};
		A476A94D29C47526001E19DB /* iChatUITests */ = {
			isa = PBXNativeTarget;
			buildConfigurationList = A476A95E29C47526001E19DB /* Build configuration list for PBXNativeTarget "iChatUITests" */;
			buildPhases = (
				A476A94A29C47526001E19DB /* Sources */,
				A476A94B29C47526001E19DB /* Frameworks */,
				A476A94C29C47526001E19DB /* Resources */,
			);
			buildRules = (
			);
			dependencies = (
				A476A95029C47526001E19DB /* PBXTargetDependency */,
			);
			name = iChatUITests;
			productName = iChatUITests;
			productReference = A476A94E29C47526001E19DB /* iChatUITests.xctest */;
			productType = "com.apple.product-type.bundle.ui-testing";
		};
/* End PBXNativeTarget section */

/* Begin PBXProject section */
		A476A92629C47526001E19DB /* Project object */ = {
			isa = PBXProject;
			attributes = {
				BuildIndependentTargetsInParallel = 1;
				LastSwiftUpdateCheck = 1410;
				LastUpgradeCheck = 1410;
				TargetAttributes = {
					A476A92D29C47526001E19DB = {
						CreatedOnToolsVersion = 14.1;
					};
					A476A94329C47526001E19DB = {
						CreatedOnToolsVersion = 14.1;
						TestTargetID = A476A92D29C47526001E19DB;
					};
					A476A94D29C47526001E19DB = {
						CreatedOnToolsVersion = 14.1;
						TestTargetID = A476A92D29C47526001E19DB;
					};
				};
			};
			buildConfigurationList = A476A92929C47526001E19DB /* Build configuration list for PBXProject "iChat" */;
			compatibilityVersion = "Xcode 14.0";
			developmentRegion = en;
			hasScannedForEncodings = 0;
			knownRegions = (
				en,
				Base,
			);
			mainGroup = A476A92529C47526001E19DB;
			productRefGroup = A476A92F29C47526001E19DB /* Products */;
			projectDirPath = "";
			projectRoot = "";
			targets = (
				A476A92D29C47526001E19DB /* iChat */,
				A476A94329C47526001E19DB /* iChatTests */,
				A476A94D29C47526001E19DB /* iChatUITests */,
			);
		};
/* End PBXProject section */

/* Begin PBXResourcesBuildPhase section */
		A476A92C29C47526001E19DB /* Resources */ = {
			isa = PBXResourcesBuildPhase;
			buildActionMask = 2147483647;
			files = (
				A476A93E29C47526001E19DB /* LaunchScreen.storyboard in Resources */,
				A476A93B29C47526001E19DB /* Assets.xcassets in Resources */,
			);
			runOnlyForDeploymentPostprocessing = 0;
		};
		A476A94229C47526001E19DB /* Resources */ = {
			isa = PBXResourcesBuildPhase;
			buildActionMask = 2147483647;
			files = (
			);
			runOnlyForDeploymentPostprocessing = 0;
		};
		A476A94C29C47526001E19DB /* Resources */ = {
			isa = PBXResourcesBuildPhase;
			buildActionMask = 2147483647;
			files = (
			);
			runOnlyForDeploymentPostprocessing = 0;
		};
/* End PBXResourcesBuildPhase section */

/* Begin PBXSourcesBuildPhase section */
		A476A92A29C47526001E19DB /* Sources */ = {
			isa = PBXSourcesBuildPhase;
			buildActionMask = 2147483647;
			files = (
				A476A93629C47526001E19DB /* ViewController.swift in Sources */,
				A476A93229C47526001E19DB /* AppDelegate.swift in Sources */,
				A476A93429C47526001E19DB /* SceneDelegate.swift in Sources */,
			);
			runOnlyForDeploymentPostprocessing = 0;
		};
		A476A94029C47526001E19DB /* Sources */ = {
			isa = PBXSourcesBuildPhase;
			buildActionMask = 2147483647;
			files = (
				A476A94929C47526001E19DB /* iChatTests.swift in Sources */,
			);
			runOnlyForDeploymentPostprocessing = 0;
		};
		A476A94A29C47526001E19DB /* Sources */ = {
			isa = PBXSourcesBuildPhase;
			buildActionMask = 2147483647;
			files = (
				A476A95529C47526001E19DB /* iChatUITestsLaunchTests.swift in Sources */,
				A476A95329C47526001E19DB /* iChatUITests.swift in Sources */,
			);
			runOnlyForDeploymentPostprocessing = 0;
		};
/* End PBXSourcesBuildPhase section */

/* Begin PBXTargetDependency section */
		A476A94629C47526001E19DB /* PBXTargetDependency */ = {
			isa = PBXTargetDependency;
			target = A476A92D29C47526001E19DB /* iChat */;
			targetProxy = A476A94529C47526001E19DB /* PBXContainerItemProxy */;
		};
		A476A95029C47526001E19DB /* PBXTargetDependency */ = {
			isa = PBXTargetDependency;
			target = A476A92D29C47526001E19DB /* iChat */;
			targetProxy = A476A94F29C47526001E19DB /* PBXContainerItemProxy */;
		};
/* End PBXTargetDependency section */

/* Begin PBXVariantGroup section */
		A476A93C29C47526001E19DB /* LaunchScreen.storyboard */ = {
			isa = PBXVariantGroup;
			children = (
				A476A93D29C47526001E19DB /* Base */,
			);
			name = LaunchScreen.storyboard;
			sourceTree = "<group>";
		};
/* End PBXVariantGroup section */

/* Begin XCBuildConfiguration section */
		A476A95629C47526001E19DB /* Debug */ = {
			isa = XCBuildConfiguration;
			buildSettings = {
				ALWAYS_SEARCH_USER_PATHS = NO;
				CLANG_ANALYZER_NONNULL = YES;
				CLANG_ANALYZER_NUMBER_OBJECT_CONVERSION = YES_AGGRESSIVE;
				CLANG_CXX_LANGUAGE_STANDARD = "gnu++20";
				CLANG_ENABLE_MODULES = YES;
				CLANG_ENABLE_OBJC_ARC = YES;
				CLANG_ENABLE_OBJC_WEAK = YES;
				CLANG_WARN_BLOCK_CAPTURE_AUTORELEASING = YES;
				CLANG_WARN_BOOL_CONVERSION = YES;
				CLANG_WARN_COMMA = YES;
				CLANG_WARN_CONSTANT_CONVERSION = YES;
				CLANG_WARN_DEPRECATED_OBJC_IMPLEMENTATIONS = YES;
				CLANG_WARN_DIRECT_OBJC_ISA_USAGE = YES_ERROR;
				CLANG_WARN_DOCUMENTATION_COMMENTS = YES;
				CLANG_WARN_EMPTY_BODY = YES;
				CLANG_WARN_ENUM_CONVERSION = YES;
				CLANG_WARN_INFINITE_RECURSION = YES;
				CLANG_WARN_INT_CONVERSION = YES;
				CLANG_WARN_NON_LITERAL_NULL_CONVERSION = YES;
				CLANG_WARN_OBJC_IMPLICIT_RETAIN_SELF = YES;
				CLANG_WARN_OBJC_LITERAL_CONVERSION = YES;
				CLANG_WARN_OBJC_ROOT_CLASS = YES_ERROR;
				CLANG_WARN_QUOTED_INCLUDE_IN_FRAMEWORK_HEADER = YES;
				CLANG_WARN_RANGE_LOOP_ANALYSIS = YES;
				CLANG_WARN_STRICT_PROTOTYPES = YES;
				CLANG_WARN_SUSPICIOUS_MOVE = YES;
				CLANG_WARN_UNGUARDED_AVAILABILITY = YES_AGGRESSIVE;
				CLANG_WARN_UNREACHABLE_CODE = YES;
				CLANG_WARN__DUPLICATE_METHOD_MATCH = YES;
				COPY_PHASE_STRIP = NO;
				DEBUG_INFORMATION_FORMAT = dwarf;
				ENABLE_STRICT_OBJC_MSGSEND = YES;
				ENABLE_TESTABILITY = YES;
				GCC_C_LANGUAGE_STANDARD = gnu11;
				GCC_DYNAMIC_NO_PIC = NO;
				GCC_NO_COMMON_BLOCKS = YES;
				GCC_OPTIMIZATION_LEVEL = 0;
				GCC_PREPROCESSOR_DEFINITIONS = (
					"DEBUG=1",
					"$(inherited)",
				);
				GCC_WARN_64_TO_32_BIT_CONVERSION = YES;
				GCC_WARN_ABOUT_RETURN_TYPE = YES_ERROR;
				GCC_WARN_UNDECLARED_SELECTOR = YES;
				GCC_WARN_UNINITIALIZED_AUTOS = YES_AGGRESSIVE;
				GCC_WARN_UNUSED_FUNCTION = YES;
				GCC_WARN_UNUSED_VARIABLE = YES;
				IPHONEOS_DEPLOYMENT_TARGET = 16.1;
				MTL_ENABLE_DEBUG_INFO = INCLUDE_SOURCE;
				MTL_FAST_MATH = YES;
				ONLY_ACTIVE_ARCH = YES;
				SDKROOT = iphoneos;
				SWIFT_ACTIVE_COMPILATION_CONDITIONS = DEBUG;
				SWIFT_OPTIMIZATION_LEVEL = "-Onone";
			};
			name = Debug;
		};
		A476A95729C47526001E19DB /* Release */ = {
			isa = XCBuildConfiguration;
			buildSettings = {
				ALWAYS_SEARCH_USER_PATHS = NO;
				CLANG_ANALYZER_NONNULL = YES;
				CLANG_ANALYZER_NUMBER_OBJECT_CONVERSION = YES_AGGRESSIVE;
				CLANG_CXX_LANGUAGE_STANDARD = "gnu++20";
				CLANG_ENABLE_MODULES = YES;
				CLANG_ENABLE_OBJC_ARC = YES;
				CLANG_ENABLE_OBJC_WEAK = YES;
				CLANG_WARN_BLOCK_CAPTURE_AUTORELEASING = YES;
				CLANG_WARN_BOOL_CONVERSION = YES;
				CLANG_WARN_COMMA = YES;
				CLANG_WARN_CONSTANT_CONVERSION = YES;
				CLANG_WARN_DEPRECATED_OBJC_IMPLEMENTATIONS = YES;
				CLANG_WARN_DIRECT_OBJC_ISA_USAGE = YES_ERROR;
				CLANG_WARN_DOCUMENTATION_COMMENTS = YES;
				CLANG_WARN_EMPTY_BODY = YES;
				CLANG_WARN_ENUM_CONVERSION = YES;
				CLANG_WARN_INFINITE_RECURSION = YES;
				CLANG_WARN_INT_CONVERSION = YES;
				CLANG_WARN_NON_LITERAL_NULL_CONVERSION = YES;
				CLANG_WARN_OBJC_IMPLICIT_RETAIN_SELF = YES;
				CLANG_WARN_OBJC_LITERAL_CONVERSION = YES;
				CLANG_WARN_OBJC_ROOT_CLASS = YES_ERROR;
				CLANG_WARN_QUOTED_INCLUDE_IN_FRAMEWORK_HEADER = YES;
				CLANG_WARN_RANGE_LOOP_ANALYSIS = YES;
				CLANG_WARN_STRICT_PROTOTYPES = YES;
				CLANG_WARN_SUSPICIOUS_MOVE = YES;
				CLANG_WARN_UNGUARDED_AVAILABILITY = YES_AGGRESSIVE;
				CLANG_WARN_UNREACHABLE_CODE = YES;
				CLANG_WARN__DUPLICATE_METHOD_MATCH = YES;
				COPY_PHASE_STRIP = NO;
				DEBUG_INFORMATION_FORMAT = "dwarf-with-dsym";
				ENABLE_NS_ASSERTIONS = NO;
				ENABLE_STRICT_OBJC_MSGSEND = YES;
				GCC_C_LANGUAGE_STANDARD = gnu11;
				GCC_NO_COMMON_BLOCKS = YES;
				GCC_WARN_64_TO_32_BIT_CONVERSION = YES;
				GCC_WARN_ABOUT_RETURN_TYPE = YES_ERROR;
				GCC_WARN_UNDECLARED_SELECTOR = YES;
				GCC_WARN_UNINITIALIZED_AUTOS = YES_AGGRESSIVE;
				GCC_WARN_UNUSED_FUNCTION = YES;
				GCC_WARN_UNUSED_VARIABLE = YES;
				IPHONEOS_DEPLOYMENT_TARGET = 16.1;
				MTL_ENABLE_DEBUG_INFO = NO;
				MTL_FAST_MATH = YES;
				SDKROOT = iphoneos;
				SWIFT_COMPILATION_MODE = wholemodule;
				SWIFT_OPTIMIZATION_LEVEL = "-O";
				VALIDATE_PRODUCT = YES;
			};
			name = Release;
		};
		A476A95929C47526001E19DB /* Debug */ = {
			isa = XCBuildConfiguration;
			buildSettings = {
				ASSETCATALOG_COMPILER_APPICON_NAME = AppIcon;
				ASSETCATALOG_COMPILER_GLOBAL_ACCENT_COLOR_NAME = AccentColor;
				CODE_SIGN_STYLE = Automatic;
				CURRENT_PROJECT_VERSION = 1;
				GENERATE_INFOPLIST_FILE = YES;
				INFOPLIST_FILE = iChat/Info.plist;
				INFOPLIST_KEY_UIApplicationSupportsIndirectInputEvents = YES;
				INFOPLIST_KEY_UILaunchStoryboardName = LaunchScreen;
				INFOPLIST_KEY_UISupportedInterfaceOrientations_iPad = "UIInterfaceOrientationPortrait UIInterfaceOrientationPortraitUpsideDown UIInterfaceOrientationLandscapeLeft UIInterfaceOrientationLandscapeRight";
				INFOPLIST_KEY_UISupportedInterfaceOrientations_iPhone = "UIInterfaceOrientationPortrait UIInterfaceOrientationLandscapeLeft UIInterfaceOrientationLandscapeRight";
				LD_RUNPATH_SEARCH_PATHS = (
					"$(inherited)",
					"@executable_path/Frameworks",
				);
				MARKETING_VERSION = 1.0;
				PRODUCT_BUNDLE_IDENTIFIER = com.jessica.serqueira.iChat;
				PRODUCT_NAME = "$(TARGET_NAME)";
				SWIFT_EMIT_LOC_STRINGS = YES;
				SWIFT_VERSION = 5.0;
				TARGETED_DEVICE_FAMILY = "1,2";
			};
			name = Debug;
		};
		A476A95A29C47526001E19DB /* Release */ = {
			isa = XCBuildConfiguration;
			buildSettings = {
				ASSETCATALOG_COMPILER_APPICON_NAME = AppIcon;
				ASSETCATALOG_COMPILER_GLOBAL_ACCENT_COLOR_NAME = AccentColor;
				CODE_SIGN_STYLE = Automatic;
				CURRENT_PROJECT_VERSION = 1;
				GENERATE_INFOPLIST_FILE = YES;
				INFOPLIST_FILE = iChat/Info.plist;
				INFOPLIST_KEY_UIApplicationSupportsIndirectInputEvents = YES;
				INFOPLIST_KEY_UILaunchStoryboardName = LaunchScreen;
				INFOPLIST_KEY_UISupportedInterfaceOrientations_iPad = "UIInterfaceOrientationPortrait UIInterfaceOrientationPortraitUpsideDown UIInterfaceOrientationLandscapeLeft UIInterfaceOrientationLandscapeRight";
				INFOPLIST_KEY_UISupportedInterfaceOrientations_iPhone = "UIInterfaceOrientationPortrait UIInterfaceOrientationLandscapeLeft UIInterfaceOrientationLandscapeRight";
				LD_RUNPATH_SEARCH_PATHS = (
					"$(inherited)",
					"@executable_path/Frameworks",
				);
				MARKETING_VERSION = 1.0;
				PRODUCT_BUNDLE_IDENTIFIER = com.jessica.serqueira.iChat;
				PRODUCT_NAME = "$(TARGET_NAME)";
				SWIFT_EMIT_LOC_STRINGS = YES;
				SWIFT_VERSION = 5.0;
				TARGETED_DEVICE_FAMILY = "1,2";
			};
			name = Release;
		};
		A476A95C29C47526001E19DB /* Debug */ = {
			isa = XCBuildConfiguration;
			buildSettings = {
				ALWAYS_EMBED_SWIFT_STANDARD_LIBRARIES = YES;
				BUNDLE_LOADER = "$(TEST_HOST)";
				CODE_SIGN_STYLE = Automatic;
				CURRENT_PROJECT_VERSION = 1;
				GENERATE_INFOPLIST_FILE = YES;
				IPHONEOS_DEPLOYMENT_TARGET = 16.1;
				MARKETING_VERSION = 1.0;
				PRODUCT_BUNDLE_IDENTIFIER = com.jessica.serqueira.iChatTests;
				PRODUCT_NAME = "$(TARGET_NAME)";
				SWIFT_EMIT_LOC_STRINGS = NO;
				SWIFT_VERSION = 5.0;
				TARGETED_DEVICE_FAMILY = "1,2";
				TEST_HOST = "$(BUILT_PRODUCTS_DIR)/iChat.app/$(BUNDLE_EXECUTABLE_FOLDER_PATH)/iChat";
			};
			name = Debug;
		};
		A476A95D29C47526001E19DB /* Release */ = {
			isa = XCBuildConfiguration;
			buildSettings = {
				ALWAYS_EMBED_SWIFT_STANDARD_LIBRARIES = YES;
				BUNDLE_LOADER = "$(TEST_HOST)";
				CODE_SIGN_STYLE = Automatic;
				CURRENT_PROJECT_VERSION = 1;
				GENERATE_INFOPLIST_FILE = YES;
				IPHONEOS_DEPLOYMENT_TARGET = 16.1;
				MARKETING_VERSION = 1.0;
				PRODUCT_BUNDLE_IDENTIFIER = com.jessica.serqueira.iChatTests;
				PRODUCT_NAME = "$(TARGET_NAME)";
				SWIFT_EMIT_LOC_STRINGS = NO;
				SWIFT_VERSION = 5.0;
				TARGETED_DEVICE_FAMILY = "1,2";
				TEST_HOST = "$(BUILT_PRODUCTS_DIR)/iChat.app/$(BUNDLE_EXECUTABLE_FOLDER_PATH)/iChat";
			};
			name = Release;
		};
		A476A95F29C47526001E19DB /* Debug */ = {
			isa = XCBuildConfiguration;
			buildSettings = {
				ALWAYS_EMBED_SWIFT_STANDARD_LIBRARIES = YES;
				CODE_SIGN_STYLE = Automatic;
				CURRENT_PROJECT_VERSION = 1;
				GENERATE_INFOPLIST_FILE = YES;
				MARKETING_VERSION = 1.0;
				PRODUCT_BUNDLE_IDENTIFIER = com.jessica.serqueira.iChatUITests;
				PRODUCT_NAME = "$(TARGET_NAME)";
				SWIFT_EMIT_LOC_STRINGS = NO;
				SWIFT_VERSION = 5.0;
				TARGETED_DEVICE_FAMILY = "1,2";
				TEST_TARGET_NAME = iChat;
			};
			name = Debug;
		};
		A476A96029C47526001E19DB /* Release */ = {
			isa = XCBuildConfiguration;
			buildSettings = {
				ALWAYS_EMBED_SWIFT_STANDARD_LIBRARIES = YES;
				CODE_SIGN_STYLE = Automatic;
				CURRENT_PROJECT_VERSION = 1;
				GENERATE_INFOPLIST_FILE = YES;
				MARKETING_VERSION = 1.0;
				PRODUCT_BUNDLE_IDENTIFIER = com.jessica.serqueira.iChatUITests;
				PRODUCT_NAME = "$(TARGET_NAME)";
				SWIFT_EMIT_LOC_STRINGS = NO;
				SWIFT_VERSION = 5.0;
				TARGETED_DEVICE_FAMILY = "1,2";
				TEST_TARGET_NAME = iChat;
			};
			name = Release;
		};
/* End XCBuildConfiguration section */

/* Begin XCConfigurationList section */
		A476A92929C47526001E19DB /* Build configuration list for PBXProject "iChat" */ = {
			isa = XCConfigurationList;
			buildConfigurations = (
				A476A95629C47526001E19DB /* Debug */,
				A476A95729C47526001E19DB /* Release */,
			);
			defaultConfigurationIsVisible = 0;
			defaultConfigurationName = Release;
		};
		A476A95829C47526001E19DB /* Build configuration list for PBXNativeTarget "iChat" */ = {
			isa = XCConfigurationList;
			buildConfigurations = (
				A476A95929C47526001E19DB /* Debug */,
				A476A95A29C47526001E19DB /* Release */,
			);
			defaultConfigurationIsVisible = 0;
			defaultConfigurationName = Release;
		};
		A476A95B29C47526001E19DB /* Build configuration list for PBXNativeTarget "iChatTests" */ = {
			isa = XCConfigurationList;
			buildConfigurations = (
				A476A95C29C47526001E19DB /* Debug */,
				A476A95D29C47526001E19DB /* Release */,
			);
			defaultConfigurationIsVisible = 0;
			defaultConfigurationName = Release;
		};
		A476A95E29C47526001E19DB /* Build configuration list for PBXNativeTarget "iChatUITests" */ = {
			isa = XCConfigurationList;
			buildConfigurations = (
				A476A95F29C47526001E19DB /* Debug */,
				A476A96029C47526001E19DB /* Release */,
			);
			defaultConfigurationIsVisible = 0;
			defaultConfigurationName = Release;
		};
/* End XCConfigurationList section */

/* Begin XCSwiftPackageProductDependency section */
		A458FBF729C87D450058C7EC /* AppData */ = {
			isa = XCSwiftPackageProductDependency;
			productName = AppData;
		};
		A458FBF929C87D450058C7EC /* AppNavigation */ = {
			isa = XCSwiftPackageProductDependency;
			productName = AppNavigation;
		};
		A458FBFB29C87D450058C7EC /* Chat */ = {
			isa = XCSwiftPackageProductDependency;
			productName = Chat;
		};
		A458FBFD29C87D450058C7EC /* Common */ = {
			isa = XCSwiftPackageProductDependency;
			productName = Common;
		};
		A458FBFF29C87D450058C7EC /* Contact */ = {
			isa = XCSwiftPackageProductDependency;
			productName = Contact;
		};
		A458FC0129C87D450058C7EC /* DI */ = {
			isa = XCSwiftPackageProductDependency;
			productName = DI;
		};
		A458FC0329C87D450058C7EC /* Domain */ = {
			isa = XCSwiftPackageProductDependency;
			productName = Domain;
		};
		A458FC0529C87D450058C7EC /* FireStorage */ = {
			isa = XCSwiftPackageProductDependency;
			productName = FireStorage;
		};
		A458FC0729C87D450058C7EC /* Message */ = {
			isa = XCSwiftPackageProductDependency;
			productName = Message;
		};
		A458FC0929C87D450058C7EC /* Networking */ = {
			isa = XCSwiftPackageProductDependency;
			productName = Networking;
		};
		A458FC0B29C87D450058C7EC /* SingIn */ = {
			isa = XCSwiftPackageProductDependency;
			productName = SingIn;
		};
		A458FC0D29C87D450058C7EC /* SingUP */ = {
			isa = XCSwiftPackageProductDependency;
			productName = SingUP;
		};
		A458FC0F29C87D450058C7EC /* Splash */ = {
			isa = XCSwiftPackageProductDependency;
			productName = Splash;
		};
		A458FC1129C87D450058C7EC /* Storage */ = {
			isa = XCSwiftPackageProductDependency;
			productName = Storage;
		};
/* End XCSwiftPackageProductDependency section */
	};
	rootObject = A476A92629C47526001E19DB /* Project object */;
}
